
Microsoft Visual Studio Solution File, Format Version 12.00
# Visual Studio Version 17
VisualStudioVersion = 17.13.35931.197 d17.13
MinimumVisualStudioVersion = 10.0.40219.1
Project("{FAE04EC0-301F-11D3-BF4B-00C04F79EFBC}") = "RegistrationFormApp", "RegistrationFormApp\RegistrationFormApp.csproj", "{A63CFF97-A18D-4C0E-B741-EF30242E0CBC}"
EndProject
Global
	GlobalSection(SolutionConfigurationPlatforms) = preSolution
		Debug|Any CPU = Debug|Any CPU
		Release|Any CPU = Release|Any CPU
	EndGlobalSection
	GlobalSection(ProjectConfigurationPlatforms) = postSolution
		{A63CFF97-A18D-4C0E-B741-EF30242E0CBC}.Debug|Any CPU.ActiveCfg = Debug|Any CPU
		{A63CFF97-A18D-4C0E-B741-EF30242E0CBC}.Debug|Any CPU.Build.0 = Debug|Any CPU
		{A63CFF97-A18D-4C0E-B741-EF30242E0CBC}.Release|Any CPU.ActiveCfg = Release|Any CPU
		{A63CFF97-A18D-4C0E-B741-EF30242E0CBC}.Release|Any CPU.Build.0 = Release|Any CPU
	EndGlobalSection
	GlobalSection(SolutionProperties) = preSolution
		HideSolutionNode = FALSE
	EndGlobalSection
	GlobalSection(ExtensibilityGlobals) = postSolution
		SolutionGuid = {A7778763-DE9A-417F-9EE7-B7176270655F}
	EndGlobalSection
EndGlobal
